
Microsoft Visual Studio Solution File, Format Version 12.00
Project("{FAE04EC0-301F-11D3-BF4B-00C04F79EFBC}") = "Brainmoku", "Brainmoku.csproj", "{893A4F8A-A73A-4431-B9A7-7B77F9EB9581}"
EndProject
Global
	GlobalSection(SolutionConfigurationPlatforms) = preSolution
		Debug|Any CPU = Debug|Any CPU
		Release|Any CPU = Release|Any CPU
	EndGlobalSection
	GlobalSection(ProjectConfigurationPlatforms) = postSolution
		{893A4F8A-A73A-4431-B9A7-7B77F9EB9581}.Debug|Any CPU.ActiveCfg = Debug|Any CPU
		{893A4F8A-A73A-4431-B9A7-7B77F9EB9581}.Debug|Any CPU.Build.0 = Debug|Any CPU
		{893A4F8A-A73A-4431-B9A7-7B77F9EB9581}.Release|Any CPU.ActiveCfg = Release|Any CPU
		{893A4F8A-A73A-4431-B9A7-7B77F9EB9581}.Release|Any CPU.Build.0 = Release|Any CPU
	EndGlobalSection
EndGlobal
